
Microsoft Visual Studio Solution File, Format Version 12.00
# Visual Studio Version 16
VisualStudioVersion = 16.0.32228.343
MinimumVisualStudioVersion = 10.0.40219.1
Project("{FAE04EC0-301F-11D3-BF4B-00C04F79EFBC}") = "ServerTorusBuider", "ServerTorusBuider\ServerTorusBuider.csproj", "{49718AD9-C812-44C2-AC53-4958233151A7}"
EndProject
Global
	GlobalSection(SolutionConfigurationPlatforms) = preSolution
		Debug|Any CPU = Debug|Any CPU
		Release|Any CPU = Release|Any CPU
	EndGlobalSection
	GlobalSection(ProjectConfigurationPlatforms) = postSolution
		{49718AD9-C812-44C2-AC53-4958233151A7}.Debug|Any CPU.ActiveCfg = Debug|Any CPU
		{49718AD9-C812-44C2-AC53-4958233151A7}.Debug|Any CPU.Build.0 = Debug|Any CPU
		{49718AD9-C812-44C2-AC53-4958233151A7}.Release|Any CPU.ActiveCfg = Release|Any CPU
		{49718AD9-C812-44C2-AC53-4958233151A7}.Release|Any CPU.Build.0 = Release|Any CPU
	EndGlobalSection
	GlobalSection(SolutionProperties) = preSolution
		HideSolutionNode = FALSE
	EndGlobalSection
	GlobalSection(ExtensibilityGlobals) = postSolution
		SolutionGuid = {A39BD91F-B605-4481-8A3A-346D8E78697E}
	EndGlobalSection
EndGlobal
